
Microsoft Visual Studio Solution File, Format Version 12.00
# Visual Studio Version 17
VisualStudioVersion = 17.2.32616.157
MinimumVisualStudioVersion = 10.0.40219.1
Project("{FAE04EC0-301F-11D3-BF4B-00C04F79EFBC}") = "ObjectConcepts", "ObjectConcepts\ObjectConcepts.csproj", "{91412FD6-1DD5-466A-AD0B-C5F735A9F95B}"
EndProject
Global
	GlobalSection(SolutionConfigurationPlatforms) = preSolution
		Debug|Any CPU = Debug|Any CPU
		Release|Any CPU = Release|Any CPU
	EndGlobalSection
	GlobalSection(ProjectConfigurationPlatforms) = postSolution
		{91412FD6-1DD5-466A-AD0B-C5F735A9F95B}.Debug|Any CPU.ActiveCfg = Debug|Any CPU
		{91412FD6-1DD5-466A-AD0B-C5F735A9F95B}.Debug|Any CPU.Build.0 = Debug|Any CPU
		{91412FD6-1DD5-466A-AD0B-C5F735A9F95B}.Release|Any CPU.ActiveCfg = Release|Any CPU
		{91412FD6-1DD5-466A-AD0B-C5F735A9F95B}.Release|Any CPU.Build.0 = Release|Any CPU
	EndGlobalSection
	GlobalSection(SolutionProperties) = preSolution
		HideSolutionNode = FALSE
	EndGlobalSection
	GlobalSection(ExtensibilityGlobals) = postSolution
		SolutionGuid = {65D1921A-E922-4A69-9645-412228A990B2}
	EndGlobalSection
EndGlobal
